
Microsoft Visual Studio Solution File, Format Version 12.00
# Visual Studio Version 17
VisualStudioVersion = 17.3.32825.248
MinimumVisualStudioVersion = 10.0.40219.1
Project("{FAE04EC0-301F-11D3-BF4B-00C04F79EFBC}") = "Aquarium", "Aquarium\Aquarium.csproj", "{9BB6FE34-3AED-42D9-ACC6-7BEB850B4F4A}"
EndProject
Project("{FAE04EC0-301F-11D3-BF4B-00C04F79EFBC}") = "AquariumTests", "AquariumTests\AquariumTests.csproj", "{AF40AB5C-D9CF-41FF-8B56-8F1E6140C0A0}"
EndProject
Global
	GlobalSection(SolutionConfigurationPlatforms) = preSolution
		Debug|Any CPU = Debug|Any CPU
		Release|Any CPU = Release|Any CPU
	EndGlobalSection
	GlobalSection(ProjectConfigurationPlatforms) = postSolution
		{9BB6FE34-3AED-42D9-ACC6-7BEB850B4F4A}.Debug|Any CPU.ActiveCfg = Debug|Any CPU
		{9BB6FE34-3AED-42D9-ACC6-7BEB850B4F4A}.Debug|Any CPU.Build.0 = Debug|Any CPU
		{9BB6FE34-3AED-42D9-ACC6-7BEB850B4F4A}.Release|Any CPU.ActiveCfg = Release|Any CPU
		{9BB6FE34-3AED-42D9-ACC6-7BEB850B4F4A}.Release|Any CPU.Build.0 = Release|Any CPU
		{AF40AB5C-D9CF-41FF-8B56-8F1E6140C0A0}.Debug|Any CPU.ActiveCfg = Debug|Any CPU
		{AF40AB5C-D9CF-41FF-8B56-8F1E6140C0A0}.Debug|Any CPU.Build.0 = Debug|Any CPU
		{AF40AB5C-D9CF-41FF-8B56-8F1E6140C0A0}.Release|Any CPU.ActiveCfg = Release|Any CPU
		{AF40AB5C-D9CF-41FF-8B56-8F1E6140C0A0}.Release|Any CPU.Build.0 = Release|Any CPU
	EndGlobalSection
	GlobalSection(SolutionProperties) = preSolution
		HideSolutionNode = FALSE
	EndGlobalSection
	GlobalSection(ExtensibilityGlobals) = postSolution
		SolutionGuid = {36EDBBC0-75DA-4876-89A6-41E02AE27A7B}
	EndGlobalSection
EndGlobal
